
Microsoft Visual Studio Solution File, Format Version 12.00
# Visual Studio 2013
VisualStudioVersion = 12.0.30324.0
MinimumVisualStudioVersion = 10.0.40219.1
Project("{2150E333-8FDC-42A3-9474-1A3956D46DE8}") = "Data", "Data", "{9E8EF138-CDFD-4C55-B372-F822C81D1EE4}"
EndProject
Project("{2150E333-8FDC-42A3-9474-1A3956D46DE8}") = "Logic", "Logic", "{70AE51B4-E858-46A9-A980-7995DC7C9C05}"
EndProject
Project("{FAE04EC0-301F-11D3-BF4B-00C04F79EFBC}") = "EventSystem.Common", "EventSystem.Common\EventSystem.Common.csproj", "{2A59A568-D681-461E-85F8-4F48B16C164B}"
EndProject
Project("{FAE04EC0-301F-11D3-BF4B-00C04F79EFBC}") = "EventSystem.Data", "Data\EventSystem.Data\EventSystem.Data.csproj", "{41B48A85-E88F-4BBA-B6CD-F7B775D3CA34}"
EndProject
Project("{FAE04EC0-301F-11D3-BF4B-00C04F79EFBC}") = "EventSystem.Data.Models", "Data\EventSystem.Data.Models\EventSystem.Data.Models.csproj", "{B7E6AD56-C8E5-46B7-A99E-94DE6B623C33}"
EndProject
Project("{2150E333-8FDC-42A3-9474-1A3956D46DE8}") = "Web", "Web", "{F6F247F2-DEF4-4750-893D-E527288E42B8}"
EndProject
Project("{FAE04EC0-301F-11D3-BF4B-00C04F79EFBC}") = "EventSystem.Web", "Web\EventSystem.Web\EventSystem.Web.csproj", "{0AF15E1E-6EBC-496C-9DFF-1BE3BF9234C9}"
EndProject
Project("{FAE04EC0-301F-11D3-BF4B-00C04F79EFBC}") = "EventSystem.Data.Common", "Data\EventSystem.Data.Common\EventSystem.Data.Common.csproj", "{71EF7F90-88B6-440F-ACEA-5B9592C924F3}"
EndProject
Project("{FAE04EC0-301F-11D3-BF4B-00C04F79EFBC}") = "EventSystem.Data.Services", "EventSystem.Data.Services\EventSystem.Data.Services.csproj", "{BA4557BD-D80D-481E-AB79-BAB86B821446}"
EndProject
Global
	GlobalSection(SolutionConfigurationPlatforms) = preSolution
		Debug|Any CPU = Debug|Any CPU
		Release|Any CPU = Release|Any CPU
	EndGlobalSection
	GlobalSection(ProjectConfigurationPlatforms) = postSolution
		{2A59A568-D681-461E-85F8-4F48B16C164B}.Debug|Any CPU.ActiveCfg = Debug|Any CPU
		{2A59A568-D681-461E-85F8-4F48B16C164B}.Debug|Any CPU.Build.0 = Debug|Any CPU
		{2A59A568-D681-461E-85F8-4F48B16C164B}.Release|Any CPU.ActiveCfg = Release|Any CPU
		{2A59A568-D681-461E-85F8-4F48B16C164B}.Release|Any CPU.Build.0 = Release|Any CPU
		{41B48A85-E88F-4BBA-B6CD-F7B775D3CA34}.Debug|Any CPU.ActiveCfg = Debug|Any CPU
		{41B48A85-E88F-4BBA-B6CD-F7B775D3CA34}.Debug|Any CPU.Build.0 = Debug|Any CPU
		{41B48A85-E88F-4BBA-B6CD-F7B775D3CA34}.Release|Any CPU.ActiveCfg = Release|Any CPU
		{41B48A85-E88F-4BBA-B6CD-F7B775D3CA34}.Release|Any CPU.Build.0 = Release|Any CPU
		{B7E6AD56-C8E5-46B7-A99E-94DE6B623C33}.Debug|Any CPU.ActiveCfg = Debug|Any CPU
		{B7E6AD56-C8E5-46B7-A99E-94DE6B623C33}.Debug|Any CPU.Build.0 = Debug|Any CPU
		{B7E6AD56-C8E5-46B7-A99E-94DE6B623C33}.Release|Any CPU.ActiveCfg = Release|Any CPU
		{B7E6AD56-C8E5-46B7-A99E-94DE6B623C33}.Release|Any CPU.Build.0 = Release|Any CPU
		{0AF15E1E-6EBC-496C-9DFF-1BE3BF9234C9}.Debug|Any CPU.ActiveCfg = Debug|Any CPU
		{0AF15E1E-6EBC-496C-9DFF-1BE3BF9234C9}.Debug|Any CPU.Build.0 = Debug|Any CPU
		{0AF15E1E-6EBC-496C-9DFF-1BE3BF9234C9}.Release|Any CPU.ActiveCfg = Release|Any CPU
		{0AF15E1E-6EBC-496C-9DFF-1BE3BF9234C9}.Release|Any CPU.Build.0 = Release|Any CPU
		{71EF7F90-88B6-440F-ACEA-5B9592C924F3}.Debug|Any CPU.ActiveCfg = Debug|Any CPU
		{71EF7F90-88B6-440F-ACEA-5B9592C924F3}.Debug|Any CPU.Build.0 = Debug|Any CPU
		{71EF7F90-88B6-440F-ACEA-5B9592C924F3}.Release|Any CPU.ActiveCfg = Release|Any CPU
		{71EF7F90-88B6-440F-ACEA-5B9592C924F3}.Release|Any CPU.Build.0 = Release|Any CPU
		{BA4557BD-D80D-481E-AB79-BAB86B821446}.Debug|Any CPU.ActiveCfg = Debug|Any CPU
		{BA4557BD-D80D-481E-AB79-BAB86B821446}.Debug|Any CPU.Build.0 = Debug|Any CPU
		{BA4557BD-D80D-481E-AB79-BAB86B821446}.Release|Any CPU.ActiveCfg = Release|Any CPU
		{BA4557BD-D80D-481E-AB79-BAB86B821446}.Release|Any CPU.Build.0 = Release|Any CPU
	EndGlobalSection
	GlobalSection(SolutionProperties) = preSolution
		HideSolutionNode = FALSE
	EndGlobalSection
	GlobalSection(NestedProjects) = preSolution
		{41B48A85-E88F-4BBA-B6CD-F7B775D3CA34} = {9E8EF138-CDFD-4C55-B372-F822C81D1EE4}
		{B7E6AD56-C8E5-46B7-A99E-94DE6B623C33} = {9E8EF138-CDFD-4C55-B372-F822C81D1EE4}
		{0AF15E1E-6EBC-496C-9DFF-1BE3BF9234C9} = {F6F247F2-DEF4-4750-893D-E527288E42B8}
		{71EF7F90-88B6-440F-ACEA-5B9592C924F3} = {9E8EF138-CDFD-4C55-B372-F822C81D1EE4}
		{BA4557BD-D80D-481E-AB79-BAB86B821446} = {9E8EF138-CDFD-4C55-B372-F822C81D1EE4}
	EndGlobalSection
EndGlobal
